
Microsoft Visual Studio Solution File, Format Version 12.00
# Visual Studio Version 17
VisualStudioVersion = 17.8.34525.116
MinimumVisualStudioVersion = 10.0.40219.1
Project("{9A19103F-16F7-4668-BE54-9A1E7A4F7556}") = "REST_API_Project", "REST_API_Project\REST_API_Project.csproj", "{1630F0DD-B387-48AB-A940-15DF7663627A}"
EndProject
Global
	GlobalSection(SolutionConfigurationPlatforms) = preSolution
		Debug|Any CPU = Debug|Any CPU
		Release|Any CPU = Release|Any CPU
	EndGlobalSection
	GlobalSection(ProjectConfigurationPlatforms) = postSolution
		{1630F0DD-B387-48AB-A940-15DF7663627A}.Debug|Any CPU.ActiveCfg = Debug|Any CPU
		{1630F0DD-B387-48AB-A940-15DF7663627A}.Debug|Any CPU.Build.0 = Debug|Any CPU
		{1630F0DD-B387-48AB-A940-15DF7663627A}.Release|Any CPU.ActiveCfg = Release|Any CPU
		{1630F0DD-B387-48AB-A940-15DF7663627A}.Release|Any CPU.Build.0 = Release|Any CPU
	EndGlobalSection
	GlobalSection(SolutionProperties) = preSolution
		HideSolutionNode = FALSE
	EndGlobalSection
	GlobalSection(ExtensibilityGlobals) = postSolution
		SolutionGuid = {BB8C226A-E782-4F08-91B4-5AE628A7158E}
	EndGlobalSection
EndGlobal
